// !$*UTF8*$!
{
	archiveVersion = 1;
	classes = {
	};
	objectVersion = 56;
	objects = {

/* Begin PBXBuildFile section */
		5E220D172BB8E0F9004CC3C8 /* GoogleService-Info.plist in Resources */ = {isa = PBXBuildFile; fileRef = 5E220D162BB8E0F9004CC3C8 /* GoogleService-Info.plist */; };
		5E220D1A2BB8E2D8004CC3C8 /* FirebaseAuth in Frameworks */ = {isa = PBXBuildFile; productRef = 5E220D192BB8E2D8004CC3C8 /* FirebaseAuth */; };
		5E220D1C2BB8E2D8004CC3C8 /* FirebaseFirestore in Frameworks */ = {isa = PBXBuildFile; productRef = 5E220D1B2BB8E2D8004CC3C8 /* FirebaseFirestore */; };
		5E220D1E2BB8E2D8004CC3C8 /* FirebaseFirestoreSwift in Frameworks */ = {isa = PBXBuildFile; productRef = 5E220D1D2BB8E2D8004CC3C8 /* FirebaseFirestoreSwift */; };
		5E3AC3492BB919C6001C8876 /* LoginView.swift in Sources */ = {isa = PBXBuildFile; fileRef = 5E3AC3482BB919C6001C8876 /* LoginView.swift */; };
		5E3AC34B2BB919D5001C8876 /* NewItemView.swift in Sources */ = {isa = PBXBuildFile; fileRef = 5E3AC34A2BB919D5001C8876 /* NewItemView.swift */; };
		5E3AC34D2BB919E1001C8876 /* ProfileView.swift in Sources */ = {isa = PBXBuildFile; fileRef = 5E3AC34C2BB919E1001C8876 /* ProfileView.swift */; };
		5E3AC34F2BB919EE001C8876 /* RegisterView.swift in Sources */ = {isa = PBXBuildFile; fileRef = 5E3AC34E2BB919EE001C8876 /* RegisterView.swift */; };
		5E3AC3512BB919FC001C8876 /* ToDoListItemView.swift in Sources */ = {isa = PBXBuildFile; fileRef = 5E3AC3502BB919FC001C8876 /* ToDoListItemView.swift */; };
		5E3AC3532BB91A08001C8876 /* ToDoListView.swift in Sources */ = {isa = PBXBuildFile; fileRef = 5E3AC3522BB91A08001C8876 /* ToDoListView.swift */; };
		5E3AC3552BB91A30001C8876 /* ToDoListItem.swift in Sources */ = {isa = PBXBuildFile; fileRef = 5E3AC3542BB91A30001C8876 /* ToDoListItem.swift */; };
		5E3AC3572BB91A37001C8876 /* User.swift in Sources */ = {isa = PBXBuildFile; fileRef = 5E3AC3562BB91A37001C8876 /* User.swift */; };
		5E3AC3592BB91A86001C8876 /* MainViewViewModel.swift in Sources */ = {isa = PBXBuildFile; fileRef = 5E3AC3582BB91A86001C8876 /* MainViewViewModel.swift */; };
		5E3AC35B2BB91A8B001C8876 /* LoginViewViewModel.swift in Sources */ = {isa = PBXBuildFile; fileRef = 5E3AC35A2BB91A8B001C8876 /* LoginViewViewModel.swift */; };
		5E3AC35D2BB91A91001C8876 /* NewItemViewViewModel.swift in Sources */ = {isa = PBXBuildFile; fileRef = 5E3AC35C2BB91A91001C8876 /* NewItemViewViewModel.swift */; };
		5E3AC35F2BB91A99001C8876 /* ProfileViewViewModel.swift in Sources */ = {isa = PBXBuildFile; fileRef = 5E3AC35E2BB91A99001C8876 /* ProfileViewViewModel.swift */; };
		5E3AC3612BB91A9F001C8876 /* RegisterViewViewModel.swift in Sources */ = {isa = PBXBuildFile; fileRef = 5E3AC3602BB91A9F001C8876 /* RegisterViewViewModel.swift */; };
		5E3AC3632BB91AAA001C8876 /* ToDoListItemViewViewModel.swift in Sources */ = {isa = PBXBuildFile; fileRef = 5E3AC3622BB91AAA001C8876 /* ToDoListItemViewViewModel.swift */; };
		5E3AC3652BB91AB2001C8876 /* ToDoListViewViewModel.swift in Sources */ = {isa = PBXBuildFile; fileRef = 5E3AC3642BB91AB2001C8876 /* ToDoListViewViewModel.swift */; };
		5E3AC3672BB91CB3001C8876 /* HeaderView.swift in Sources */ = {isa = PBXBuildFile; fileRef = 5E3AC3662BB91CB3001C8876 /* HeaderView.swift */; };
		5E3AC3692BB9239F001C8876 /* TLButton.swift in Sources */ = {isa = PBXBuildFile; fileRef = 5E3AC3682BB9239F001C8876 /* TLButton.swift */; };
		5E6E24492CD9DCB60075AEC3 /* TimeSegment.swift in Sources */ = {isa = PBXBuildFile; fileRef = 5E6E24482CD9DCB60075AEC3 /* TimeSegment.swift */; };
		5E6E244B2CD9F2AE0075AEC3 /* TimeSegmentListView.swift in Sources */ = {isa = PBXBuildFile; fileRef = 5E6E244A2CD9F2AE0075AEC3 /* TimeSegmentListView.swift */; };
		5E6E244E2CD9F66D0075AEC3 /* TimeFormatUtils.swift in Sources */ = {isa = PBXBuildFile; fileRef = 5E6E244D2CD9F66D0075AEC3 /* TimeFormatUtils.swift */; };
		5E6E24502CDB410F0075AEC3 /* SummaryView.swift in Sources */ = {isa = PBXBuildFile; fileRef = 5E6E244F2CDB410F0075AEC3 /* SummaryView.swift */; };
		5E6E24522CDB41BD0075AEC3 /* SummaryRangeViewViewModel.swift in Sources */ = {isa = PBXBuildFile; fileRef = 5E6E24512CDB41BD0075AEC3 /* SummaryRangeViewViewModel.swift */; };
		5E6E24552CDB426E0075AEC3 /* SummaryRangeEnum.swift in Sources */ = {isa = PBXBuildFile; fileRef = 5E6E24542CDB426E0075AEC3 /* SummaryRangeEnum.swift */; };
		5E6E24572CDB4EBD0075AEC3 /* SummaryRangeView.swift in Sources */ = {isa = PBXBuildFile; fileRef = 5E6E24562CDB4EBD0075AEC3 /* SummaryRangeView.swift */; };
		5E6E24592CDB51B00075AEC3 /* TaskSummary.swift in Sources */ = {isa = PBXBuildFile; fileRef = 5E6E24582CDB51B00075AEC3 /* TaskSummary.swift */; };
		5E82EEEE2C68391C00548EC5 /* Extensions.swift in Sources */ = {isa = PBXBuildFile; fileRef = 5E82EEED2C68391C00548EC5 /* Extensions.swift */; };
		5EA5C1342CC5FF2700CCE426 /* Launch Screen.storyboard in Resources */ = {isa = PBXBuildFile; fileRef = 5EA5C1332CC5FF2700CCE426 /* Launch Screen.storyboard */; };
		5EAEC5D02CCDAD7A00BB11F8 /* TimerTaskListViewViewModel.swift in Sources */ = {isa = PBXBuildFile; fileRef = 5EAEC5CF2CCDAD7A00BB11F8 /* TimerTaskListViewViewModel.swift */; };
		5EAEC5D22CCDAD8D00BB11F8 /* TaskTimer.swift in Sources */ = {isa = PBXBuildFile; fileRef = 5EAEC5D12CCDAD8D00BB11F8 /* TaskTimer.swift */; };
		5EAEC5D62CCDADB600BB11F8 /* TaskTimerListView.swift in Sources */ = {isa = PBXBuildFile; fileRef = 5EAEC5D52CCDADB600BB11F8 /* TaskTimerListView.swift */; };
		5EAEC5D82CCDAE9F00BB11F8 /* TaskTimerView.swift in Sources */ = {isa = PBXBuildFile; fileRef = 5EAEC5D72CCDAE9F00BB11F8 /* TaskTimerView.swift */; };
		5EAEC5DA2CCDAED900BB11F8 /* TaskTimerViewViewModel.swift in Sources */ = {isa = PBXBuildFile; fileRef = 5EAEC5D92CCDAED900BB11F8 /* TaskTimerViewViewModel.swift */; };
		5EAEC5DC2CCDB6D200BB11F8 /* NewTaskItemViewViewModel.swift in Sources */ = {isa = PBXBuildFile; fileRef = 5EAEC5DB2CCDB6D200BB11F8 /* NewTaskItemViewViewModel.swift */; };
		5EAEC5DE2CCDB7A100BB11F8 /* NewTaskItemView.swift in Sources */ = {isa = PBXBuildFile; fileRef = 5EAEC5DD2CCDB7A100BB11F8 /* NewTaskItemView.swift */; };
		5ED670212BB918CB0061210C /* MainView.swift in Sources */ = {isa = PBXBuildFile; fileRef = 5ED670202BB918CB0061210C /* MainView.swift */; };
		5EDC5C202BB8DD7800363517 /* ToDoListApp.swift in Sources */ = {isa = PBXBuildFile; fileRef = 5EDC5C1F2BB8DD7800363517 /* ToDoListApp.swift */; };
		5EDC5C242BB8DD7900363517 /* Assets.xcassets in Resources */ = {isa = PBXBuildFile; fileRef = 5EDC5C232BB8DD7900363517 /* Assets.xcassets */; };
		5EDC5C272BB8DD7900363517 /* Preview Assets.xcassets in Resources */ = {isa = PBXBuildFile; fileRef = 5EDC5C262BB8DD7900363517 /* Preview Assets.xcassets */; };
		5EDC5C312BB8DD7900363517 /* ToDoListTests.swift in Sources */ = {isa = PBXBuildFile; fileRef = 5EDC5C302BB8DD7900363517 /* ToDoListTests.swift */; };
		5EDC5C3B2BB8DD7900363517 /* ToDoListUITests.swift in Sources */ = {isa = PBXBuildFile; fileRef = 5EDC5C3A2BB8DD7900363517 /* ToDoListUITests.swift */; };
		5EDC5C3D2BB8DD7900363517 /* ToDoListUITestsLaunchTests.swift in Sources */ = {isa = PBXBuildFile; fileRef = 5EDC5C3C2BB8DD7900363517 /* ToDoListUITestsLaunchTests.swift */; };
/* End PBXBuildFile section */

/* Begin PBXContainerItemProxy section */
		5EDC5C2D2BB8DD7900363517 /* PBXContainerItemProxy */ = {
			isa = PBXContainerItemProxy;
			containerPortal = 5EDC5C142BB8DD7800363517 /* Project object */;
			proxyType = 1;
			remoteGlobalIDString = 5EDC5C1B2BB8DD7800363517;
			remoteInfo = ToDoList;
		};
		5EDC5C372BB8DD7900363517 /* PBXContainerItemProxy */ = {
			isa = PBXContainerItemProxy;
			containerPortal = 5EDC5C142BB8DD7800363517 /* Project object */;
			proxyType = 1;
			remoteGlobalIDString = 5EDC5C1B2BB8DD7800363517;
			remoteInfo = ToDoList;
		};
/* End PBXContainerItemProxy section */

/* Begin PBXFileReference section */
		5E220D162BB8E0F9004CC3C8 /* GoogleService-Info.plist */ = {isa = PBXFileReference; fileEncoding = 4; lastKnownFileType = text.plist.xml; path = "GoogleService-Info.plist"; sourceTree = "<group>"; };
		5E3AC3482BB919C6001C8876 /* LoginView.swift */ = {isa = PBXFileReference; lastKnownFileType = sourcecode.swift; path = LoginView.swift; sourceTree = "<group>"; };
		5E3AC34A2BB919D5001C8876 /* NewItemView.swift */ = {isa = PBXFileReference; lastKnownFileType = sourcecode.swift; path = NewItemView.swift; sourceTree = "<group>"; };
		5E3AC34C2BB919E1001C8876 /* ProfileView.swift */ = {isa = PBXFileReference; lastKnownFileType = sourcecode.swift; path = ProfileView.swift; sourceTree = "<group>"; };
		5E3AC34E2BB919EE001C8876 /* RegisterView.swift */ = {isa = PBXFileReference; lastKnownFileType = sourcecode.swift; path = RegisterView.swift; sourceTree = "<group>"; };
		5E3AC3502BB919FC001C8876 /* ToDoListItemView.swift */ = {isa = PBXFileReference; lastKnownFileType = sourcecode.swift; path = ToDoListItemView.swift; sourceTree = "<group>"; };
		5E3AC3522BB91A08001C8876 /* ToDoListView.swift */ = {isa = PBXFileReference; lastKnownFileType = sourcecode.swift; path = ToDoListView.swift; sourceTree = "<group>"; };
		5E3AC3542BB91A30001C8876 /* ToDoListItem.swift */ = {isa = PBXFileReference; lastKnownFileType = sourcecode.swift; path = ToDoListItem.swift; sourceTree = "<group>"; };
		5E3AC3562BB91A37001C8876 /* User.swift */ = {isa = PBXFileReference; lastKnownFileType = sourcecode.swift; path = User.swift; sourceTree = "<group>"; };
		5E3AC3582BB91A86001C8876 /* MainViewViewModel.swift */ = {isa = PBXFileReference; lastKnownFileType = sourcecode.swift; path = MainViewViewModel.swift; sourceTree = "<group>"; };
		5E3AC35A2BB91A8B001C8876 /* LoginViewViewModel.swift */ = {isa = PBXFileReference; lastKnownFileType = sourcecode.swift; path = LoginViewViewModel.swift; sourceTree = "<group>"; };
		5E3AC35C2BB91A91001C8876 /* NewItemViewViewModel.swift */ = {isa = PBXFileReference; lastKnownFileType = sourcecode.swift; path = NewItemViewViewModel.swift; sourceTree = "<group>"; };
		5E3AC35E2BB91A99001C8876 /* ProfileViewViewModel.swift */ = {isa = PBXFileReference; lastKnownFileType = sourcecode.swift; path = ProfileViewViewModel.swift; sourceTree = "<group>"; };
		5E3AC3602BB91A9F001C8876 /* RegisterViewViewModel.swift */ = {isa = PBXFileReference; lastKnownFileType = sourcecode.swift; path = RegisterViewViewModel.swift; sourceTree = "<group>"; };
		5E3AC3622BB91AAA001C8876 /* ToDoListItemViewViewModel.swift */ = {isa = PBXFileReference; lastKnownFileType = sourcecode.swift; path = ToDoListItemViewViewModel.swift; sourceTree = "<group>"; };
		5E3AC3642BB91AB2001C8876 /* ToDoListViewViewModel.swift */ = {isa = PBXFileReference; lastKnownFileType = sourcecode.swift; path = ToDoListViewViewModel.swift; sourceTree = "<group>"; };
		5E3AC3662BB91CB3001C8876 /* HeaderView.swift */ = {isa = PBXFileReference; lastKnownFileType = sourcecode.swift; path = HeaderView.swift; sourceTree = "<group>"; };
		5E3AC3682BB9239F001C8876 /* TLButton.swift */ = {isa = PBXFileReference; lastKnownFileType = sourcecode.swift; path = TLButton.swift; sourceTree = "<group>"; };
		5E6E24482CD9DCB60075AEC3 /* TimeSegment.swift */ = {isa = PBXFileReference; lastKnownFileType = sourcecode.swift; path = TimeSegment.swift; sourceTree = "<group>"; };
		5E6E244A2CD9F2AE0075AEC3 /* TimeSegmentListView.swift */ = {isa = PBXFileReference; lastKnownFileType = sourcecode.swift; path = TimeSegmentListView.swift; sourceTree = "<group>"; };
		5E6E244D2CD9F66D0075AEC3 /* TimeFormatUtils.swift */ = {isa = PBXFileReference; lastKnownFileType = sourcecode.swift; path = TimeFormatUtils.swift; sourceTree = "<group>"; };
		5E6E244F2CDB410F0075AEC3 /* SummaryView.swift */ = {isa = PBXFileReference; lastKnownFileType = sourcecode.swift; path = SummaryView.swift; sourceTree = "<group>"; };
		5E6E24512CDB41BD0075AEC3 /* SummaryRangeViewViewModel.swift */ = {isa = PBXFileReference; lastKnownFileType = sourcecode.swift; path = SummaryRangeViewViewModel.swift; sourceTree = "<group>"; };
		5E6E24542CDB426E0075AEC3 /* SummaryRangeEnum.swift */ = {isa = PBXFileReference; lastKnownFileType = sourcecode.swift; path = SummaryRangeEnum.swift; sourceTree = "<group>"; };
		5E6E24562CDB4EBD0075AEC3 /* SummaryRangeView.swift */ = {isa = PBXFileReference; lastKnownFileType = sourcecode.swift; path = SummaryRangeView.swift; sourceTree = "<group>"; };
		5E6E24582CDB51B00075AEC3 /* TaskSummary.swift */ = {isa = PBXFileReference; lastKnownFileType = sourcecode.swift; path = TaskSummary.swift; sourceTree = "<group>"; };
		5E82EEED2C68391C00548EC5 /* Extensions.swift */ = {isa = PBXFileReference; lastKnownFileType = sourcecode.swift; path = Extensions.swift; sourceTree = "<group>"; };
		5EA5C1332CC5FF2700CCE426 /* Launch Screen.storyboard */ = {isa = PBXFileReference; lastKnownFileType = file.storyboard; path = "Launch Screen.storyboard"; sourceTree = "<group>"; };
		5EAEC5CF2CCDAD7A00BB11F8 /* TimerTaskListViewViewModel.swift */ = {isa = PBXFileReference; fileEncoding = 4; lastKnownFileType = sourcecode.swift; path = TimerTaskListViewViewModel.swift; sourceTree = "<group>"; };
		5EAEC5D12CCDAD8D00BB11F8 /* TaskTimer.swift */ = {isa = PBXFileReference; fileEncoding = 4; lastKnownFileType = sourcecode.swift; path = TaskTimer.swift; sourceTree = "<group>"; };
		5EAEC5D52CCDADB600BB11F8 /* TaskTimerListView.swift */ = {isa = PBXFileReference; fileEncoding = 4; lastKnownFileType = sourcecode.swift; path = TaskTimerListView.swift; sourceTree = "<group>"; };
		5EAEC5D72CCDAE9F00BB11F8 /* TaskTimerView.swift */ = {isa = PBXFileReference; lastKnownFileType = sourcecode.swift; path = TaskTimerView.swift; sourceTree = "<group>"; };
		5EAEC5D92CCDAED900BB11F8 /* TaskTimerViewViewModel.swift */ = {isa = PBXFileReference; lastKnownFileType = sourcecode.swift; path = TaskTimerViewViewModel.swift; sourceTree = "<group>"; };
		5EAEC5DB2CCDB6D200BB11F8 /* NewTaskItemViewViewModel.swift */ = {isa = PBXFileReference; lastKnownFileType = sourcecode.swift; path = NewTaskItemViewViewModel.swift; sourceTree = "<group>"; };
		5EAEC5DD2CCDB7A100BB11F8 /* NewTaskItemView.swift */ = {isa = PBXFileReference; lastKnownFileType = sourcecode.swift; path = NewTaskItemView.swift; sourceTree = "<group>"; };
		5ED670202BB918CB0061210C /* MainView.swift */ = {isa = PBXFileReference; fileEncoding = 4; lastKnownFileType = sourcecode.swift; path = MainView.swift; sourceTree = "<group>"; };
		5EDC5C1C2BB8DD7800363517 /* ActiviTimer.app */ = {isa = PBXFileReference; explicitFileType = wrapper.application; includeInIndex = 0; path = ActiviTimer.app; sourceTree = BUILT_PRODUCTS_DIR; };
		5EDC5C1F2BB8DD7800363517 /* ToDoListApp.swift */ = {isa = PBXFileReference; lastKnownFileType = sourcecode.swift; path = ToDoListApp.swift; sourceTree = "<group>"; };
		5EDC5C232BB8DD7900363517 /* Assets.xcassets */ = {isa = PBXFileReference; lastKnownFileType = folder.assetcatalog; path = Assets.xcassets; sourceTree = "<group>"; };
		5EDC5C262BB8DD7900363517 /* Preview Assets.xcassets */ = {isa = PBXFileReference; lastKnownFileType = folder.assetcatalog; path = "Preview Assets.xcassets"; sourceTree = "<group>"; };
		5EDC5C2C2BB8DD7900363517 /* ActiviTimerTests.xctest */ = {isa = PBXFileReference; explicitFileType = wrapper.cfbundle; includeInIndex = 0; path = ActiviTimerTests.xctest; sourceTree = BUILT_PRODUCTS_DIR; };
		5EDC5C302BB8DD7900363517 /* ToDoListTests.swift */ = {isa = PBXFileReference; lastKnownFileType = sourcecode.swift; path = ToDoListTests.swift; sourceTree = "<group>"; };
		5EDC5C362BB8DD7900363517 /* ActiviTimerUITests.xctest */ = {isa = PBXFileReference; explicitFileType = wrapper.cfbundle; includeInIndex = 0; path = ActiviTimerUITests.xctest; sourceTree = BUILT_PRODUCTS_DIR; };
		5EDC5C3A2BB8DD7900363517 /* ToDoListUITests.swift */ = {isa = PBXFileReference; lastKnownFileType = sourcecode.swift; path = ToDoListUITests.swift; sourceTree = "<group>"; };
		5EDC5C3C2BB8DD7900363517 /* ToDoListUITestsLaunchTests.swift */ = {isa = PBXFileReference; lastKnownFileType = sourcecode.swift; path = ToDoListUITestsLaunchTests.swift; sourceTree = "<group>"; };
/* End PBXFileReference section */

/* Begin PBXFrameworksBuildPhase section */
		5EDC5C192BB8DD7800363517 /* Frameworks */ = {
			isa = PBXFrameworksBuildPhase;
			buildActionMask = 2147483647;
			files = (
				5E220D1A2BB8E2D8004CC3C8 /* FirebaseAuth in Frameworks */,
				5E220D1C2BB8E2D8004CC3C8 /* FirebaseFirestore in Frameworks */,
				5E220D1E2BB8E2D8004CC3C8 /* FirebaseFirestoreSwift in Frameworks */,
			);
			runOnlyForDeploymentPostprocessing = 0;
		};
		5EDC5C292BB8DD7900363517 /* Frameworks */ = {
			isa = PBXFrameworksBuildPhase;
			buildActionMask = 2147483647;
			files = (
			);
			runOnlyForDeploymentPostprocessing = 0;
		};
		5EDC5C332BB8DD7900363517 /* Frameworks */ = {
			isa = PBXFrameworksBuildPhase;
			buildActionMask = 2147483647;
			files = (
			);
			runOnlyForDeploymentPostprocessing = 0;
		};
/* End PBXFrameworksBuildPhase section */

/* Begin PBXGroup section */
		5E6E244C2CD9F6460075AEC3 /* Utils */ = {
			isa = PBXGroup;
			children = (
				5E6E244D2CD9F66D0075AEC3 /* TimeFormatUtils.swift */,
			);
			path = Utils;
			sourceTree = "<group>";
		};
		5E6E24532CDB425A0075AEC3 /* Enums */ = {
			isa = PBXGroup;
			children = (
				5E6E24542CDB426E0075AEC3 /* SummaryRangeEnum.swift */,
			);
			path = Enums;
			sourceTree = "<group>";
		};
		5E7E58872BB8EC150091A086 /* Views */ = {
			isa = PBXGroup;
			children = (
				5E3AC3662BB91CB3001C8876 /* HeaderView.swift */,
				5E3AC3482BB919C6001C8876 /* LoginView.swift */,
				5ED670202BB918CB0061210C /* MainView.swift */,
				5E3AC34A2BB919D5001C8876 /* NewItemView.swift */,
				5EAEC5DD2CCDB7A100BB11F8 /* NewTaskItemView.swift */,
				5E3AC34C2BB919E1001C8876 /* ProfileView.swift */,
				5E3AC34E2BB919EE001C8876 /* RegisterView.swift */,
				5E6E24562CDB4EBD0075AEC3 /* SummaryRangeView.swift */,
				5E6E244F2CDB410F0075AEC3 /* SummaryView.swift */,
				5EAEC5D52CCDADB600BB11F8 /* TaskTimerListView.swift */,
				5EAEC5D72CCDAE9F00BB11F8 /* TaskTimerView.swift */,
				5E6E244A2CD9F2AE0075AEC3 /* TimeSegmentListView.swift */,
				5E3AC3682BB9239F001C8876 /* TLButton.swift */,
				5E3AC3502BB919FC001C8876 /* ToDoListItemView.swift */,
				5E3AC3522BB91A08001C8876 /* ToDoListView.swift */,
			);
			path = Views;
			sourceTree = "<group>";
		};
		5E7E58882BB8EC1A0091A086 /* ViewModels */ = {
			isa = PBXGroup;
			children = (
				5E3AC35A2BB91A8B001C8876 /* LoginViewViewModel.swift */,
				5E3AC3582BB91A86001C8876 /* MainViewViewModel.swift */,
				5E3AC35C2BB91A91001C8876 /* NewItemViewViewModel.swift */,
				5EAEC5DB2CCDB6D200BB11F8 /* NewTaskItemViewViewModel.swift */,
				5E3AC35E2BB91A99001C8876 /* ProfileViewViewModel.swift */,
				5E3AC3602BB91A9F001C8876 /* RegisterViewViewModel.swift */,
				5E6E24512CDB41BD0075AEC3 /* SummaryRangeViewViewModel.swift */,
				5EAEC5D92CCDAED900BB11F8 /* TaskTimerViewViewModel.swift */,
				5EAEC5CF2CCDAD7A00BB11F8 /* TimerTaskListViewViewModel.swift */,
				5E3AC3622BB91AAA001C8876 /* ToDoListItemViewViewModel.swift */,
				5E3AC3642BB91AB2001C8876 /* ToDoListViewViewModel.swift */,
			);
			path = ViewModels;
			sourceTree = "<group>";
		};
		5E7E58892BB8EC560091A086 /* Models */ = {
			isa = PBXGroup;
			children = (
				5E6E24582CDB51B00075AEC3 /* TaskSummary.swift */,
				5EAEC5D12CCDAD8D00BB11F8 /* TaskTimer.swift */,
				5E6E24482CD9DCB60075AEC3 /* TimeSegment.swift */,
				5E3AC3542BB91A30001C8876 /* ToDoListItem.swift */,
				5E3AC3562BB91A37001C8876 /* User.swift */,
			);
			path = Models;
			sourceTree = "<group>";
		};
		5E7E588A2BB9161B0091A086 /* Other */ = {
			isa = PBXGroup;
			children = (
				5EDC5C232BB8DD7900363517 /* Assets.xcassets */,
				5E220D162BB8E0F9004CC3C8 /* GoogleService-Info.plist */,
				5EDC5C1F2BB8DD7800363517 /* ToDoListApp.swift */,
				5E82EEED2C68391C00548EC5 /* Extensions.swift */,
				5EA5C1332CC5FF2700CCE426 /* Launch Screen.storyboard */,
			);
			path = Other;
			sourceTree = "<group>";
		};
		5EDC5C132BB8DD7800363517 = {
			isa = PBXGroup;
			children = (
				5EDC5C1E2BB8DD7800363517 /* ActiviTimer */,
				5EDC5C2F2BB8DD7900363517 /* ActiviTimerTests */,
				5EDC5C392BB8DD7900363517 /* ActiviTimerUITests */,
				5EDC5C1D2BB8DD7800363517 /* Products */,
			);
			sourceTree = "<group>";
		};
		5EDC5C1D2BB8DD7800363517 /* Products */ = {
			isa = PBXGroup;
			children = (
				5EDC5C1C2BB8DD7800363517 /* ActiviTimer.app */,
				5EDC5C2C2BB8DD7900363517 /* ActiviTimerTests.xctest */,
				5EDC5C362BB8DD7900363517 /* ActiviTimerUITests.xctest */,
			);
			name = Products;
			sourceTree = "<group>";
		};
		5EDC5C1E2BB8DD7800363517 /* ActiviTimer */ = {
			isa = PBXGroup;
			children = (
				5E6E24532CDB425A0075AEC3 /* Enums */,
				5E6E244C2CD9F6460075AEC3 /* Utils */,
				5E7E588A2BB9161B0091A086 /* Other */,
				5E7E58892BB8EC560091A086 /* Models */,
				5E7E58882BB8EC1A0091A086 /* ViewModels */,
				5E7E58872BB8EC150091A086 /* Views */,
				5EDC5C252BB8DD7900363517 /* Preview Content */,
			);
			path = ActiviTimer;
			sourceTree = "<group>";
		};
		5EDC5C252BB8DD7900363517 /* Preview Content */ = {
			isa = PBXGroup;
			children = (
				5EDC5C262BB8DD7900363517 /* Preview Assets.xcassets */,
			);
			path = "Preview Content";
			sourceTree = "<group>";
		};
		5EDC5C2F2BB8DD7900363517 /* ActiviTimerTests */ = {
			isa = PBXGroup;
			children = (
				5EDC5C302BB8DD7900363517 /* ToDoListTests.swift */,
			);
			path = ActiviTimerTests;
			sourceTree = "<group>";
		};
		5EDC5C392BB8DD7900363517 /* ActiviTimerUITests */ = {
			isa = PBXGroup;
			children = (
				5EDC5C3A2BB8DD7900363517 /* ToDoListUITests.swift */,
				5EDC5C3C2BB8DD7900363517 /* ToDoListUITestsLaunchTests.swift */,
			);
			path = ActiviTimerUITests;
			sourceTree = "<group>";
		};
/* End PBXGroup section */

/* Begin PBXNativeTarget section */
		5EDC5C1B2BB8DD7800363517 /* ActiviTimer */ = {
			isa = PBXNativeTarget;
			buildConfigurationList = 5EDC5C402BB8DD7900363517 /* Build configuration list for PBXNativeTarget "ActiviTimer" */;
			buildPhases = (
				5EDC5C182BB8DD7800363517 /* Sources */,
				5EDC5C192BB8DD7800363517 /* Frameworks */,
				5EDC5C1A2BB8DD7800363517 /* Resources */,
			);
			buildRules = (
			);
			dependencies = (
			);
			name = ActiviTimer;
			packageProductDependencies = (
				5E220D192BB8E2D8004CC3C8 /* FirebaseAuth */,
				5E220D1B2BB8E2D8004CC3C8 /* FirebaseFirestore */,
				5E220D1D2BB8E2D8004CC3C8 /* FirebaseFirestoreSwift */,
			);
			productName = ToDoList;
			productReference = 5EDC5C1C2BB8DD7800363517 /* ActiviTimer.app */;
			productType = "com.apple.product-type.application";
		};
		5EDC5C2B2BB8DD7900363517 /* ActiviTimerTests */ = {
			isa = PBXNativeTarget;
			buildConfigurationList = 5EDC5C432BB8DD7900363517 /* Build configuration list for PBXNativeTarget "ActiviTimerTests" */;
			buildPhases = (
				5EDC5C282BB8DD7900363517 /* Sources */,
				5EDC5C292BB8DD7900363517 /* Frameworks */,
				5EDC5C2A2BB8DD7900363517 /* Resources */,
			);
			buildRules = (
			);
			dependencies = (
				5EDC5C2E2BB8DD7900363517 /* PBXTargetDependency */,
			);
			name = ActiviTimerTests;
			productName = ToDoListTests;
			productReference = 5EDC5C2C2BB8DD7900363517 /* ActiviTimerTests.xctest */;
			productType = "com.apple.product-type.bundle.unit-test";
		};
		5EDC5C352BB8DD7900363517 /* ActiviTimerUITests */ = {
			isa = PBXNativeTarget;
			buildConfigurationList = 5EDC5C462BB8DD7900363517 /* Build configuration list for PBXNativeTarget "ActiviTimerUITests" */;
			buildPhases = (
				5EDC5C322BB8DD7900363517 /* Sources */,
				5EDC5C332BB8DD7900363517 /* Frameworks */,
				5EDC5C342BB8DD7900363517 /* Resources */,
			);
			buildRules = (
			);
			dependencies = (
				5EDC5C382BB8DD7900363517 /* PBXTargetDependency */,
			);
			name = ActiviTimerUITests;
			productName = ToDoListUITests;
			productReference = 5EDC5C362BB8DD7900363517 /* ActiviTimerUITests.xctest */;
			productType = "com.apple.product-type.bundle.ui-testing";
		};
/* End PBXNativeTarget section */

/* Begin PBXProject section */
		5EDC5C142BB8DD7800363517 /* Project object */ = {
			isa = PBXProject;
			attributes = {
				BuildIndependentTargetsInParallel = 1;
				LastSwiftUpdateCheck = 1530;
				LastUpgradeCheck = 1640;
				TargetAttributes = {
					5EDC5C1B2BB8DD7800363517 = {
						CreatedOnToolsVersion = 15.3;
					};
					5EDC5C2B2BB8DD7900363517 = {
						CreatedOnToolsVersion = 15.3;
						TestTargetID = 5EDC5C1B2BB8DD7800363517;
					};
					5EDC5C352BB8DD7900363517 = {
						CreatedOnToolsVersion = 15.3;
						TestTargetID = 5EDC5C1B2BB8DD7800363517;
					};
				};
			};
			buildConfigurationList = 5EDC5C172BB8DD7800363517 /* Build configuration list for PBXProject "ActiviTimer" */;
			compatibilityVersion = "Xcode 14.0";
			developmentRegion = en;
			hasScannedForEncodings = 0;
			knownRegions = (
				en,
				Base,
			);
			mainGroup = 5EDC5C132BB8DD7800363517;
			packageReferences = (
				5E220D182BB8E2D8004CC3C8 /* XCRemoteSwiftPackageReference "firebase-ios-sdk" */,
			);
			productRefGroup = 5EDC5C1D2BB8DD7800363517 /* Products */;
			projectDirPath = "";
			projectRoot = "";
			targets = (
				5EDC5C1B2BB8DD7800363517 /* ActiviTimer */,
				5EDC5C2B2BB8DD7900363517 /* ActiviTimerTests */,
				5EDC5C352BB8DD7900363517 /* ActiviTimerUITests */,
			);
		};
/* End PBXProject section */

/* Begin PBXResourcesBuildPhase section */
		5EDC5C1A2BB8DD7800363517 /* Resources */ = {
			isa = PBXResourcesBuildPhase;
			buildActionMask = 2147483647;
			files = (
				5EDC5C272BB8DD7900363517 /* Preview Assets.xcassets in Resources */,
				5EDC5C242BB8DD7900363517 /* Assets.xcassets in Resources */,
				5EA5C1342CC5FF2700CCE426 /* Launch Screen.storyboard in Resources */,
				5E220D172BB8E0F9004CC3C8 /* GoogleService-Info.plist in Resources */,
			);
			runOnlyForDeploymentPostprocessing = 0;
		};
		5EDC5C2A2BB8DD7900363517 /* Resources */ = {
			isa = PBXResourcesBuildPhase;
			buildActionMask = 2147483647;
			files = (
			);
			runOnlyForDeploymentPostprocessing = 0;
		};
		5EDC5C342BB8DD7900363517 /* Resources */ = {
			isa = PBXResourcesBuildPhase;
			buildActionMask = 2147483647;
			files = (
			);
			runOnlyForDeploymentPostprocessing = 0;
		};
/* End PBXResourcesBuildPhase section */

/* Begin PBXSourcesBuildPhase section */
		5EDC5C182BB8DD7800363517 /* Sources */ = {
			isa = PBXSourcesBuildPhase;
			buildActionMask = 2147483647;
			files = (
				5E3AC34B2BB919D5001C8876 /* NewItemView.swift in Sources */,
				5EAEC5DC2CCDB6D200BB11F8 /* NewTaskItemViewViewModel.swift in Sources */,
				5E3AC3672BB91CB3001C8876 /* HeaderView.swift in Sources */,
				5E3AC3512BB919FC001C8876 /* ToDoListItemView.swift in Sources */,
				5E3AC3632BB91AAA001C8876 /* ToDoListItemViewViewModel.swift in Sources */,
				5E3AC3592BB91A86001C8876 /* MainViewViewModel.swift in Sources */,
				5E6E24492CD9DCB60075AEC3 /* TimeSegment.swift in Sources */,
				5EAEC5D22CCDAD8D00BB11F8 /* TaskTimer.swift in Sources */,
				5EAEC5DE2CCDB7A100BB11F8 /* NewTaskItemView.swift in Sources */,
				5E3AC35D2BB91A91001C8876 /* NewItemViewViewModel.swift in Sources */,
				5E6E24522CDB41BD0075AEC3 /* SummaryRangeViewViewModel.swift in Sources */,
				5E6E24552CDB426E0075AEC3 /* SummaryRangeEnum.swift in Sources */,
				5E3AC3532BB91A08001C8876 /* ToDoListView.swift in Sources */,
				5E3AC3692BB9239F001C8876 /* TLButton.swift in Sources */,
				5E3AC3612BB91A9F001C8876 /* RegisterViewViewModel.swift in Sources */,
				5E3AC3492BB919C6001C8876 /* LoginView.swift in Sources */,
				5E3AC34D2BB919E1001C8876 /* ProfileView.swift in Sources */,
				5E6E24502CDB410F0075AEC3 /* SummaryView.swift in Sources */,
				5EAEC5DA2CCDAED900BB11F8 /* TaskTimerViewViewModel.swift in Sources */,
				5E3AC34F2BB919EE001C8876 /* RegisterView.swift in Sources */,
				5E3AC35B2BB91A8B001C8876 /* LoginViewViewModel.swift in Sources */,
				5EAEC5D02CCDAD7A00BB11F8 /* TimerTaskListViewViewModel.swift in Sources */,
				5EDC5C202BB8DD7800363517 /* ToDoListApp.swift in Sources */,
				5E3AC3652BB91AB2001C8876 /* ToDoListViewViewModel.swift in Sources */,
				5E82EEEE2C68391C00548EC5 /* Extensions.swift in Sources */,
				5EAEC5D82CCDAE9F00BB11F8 /* TaskTimerView.swift in Sources */,
				5ED670212BB918CB0061210C /* MainView.swift in Sources */,
				5E3AC35F2BB91A99001C8876 /* ProfileViewViewModel.swift in Sources */,
				5E6E24592CDB51B00075AEC3 /* TaskSummary.swift in Sources */,
				5E3AC3572BB91A37001C8876 /* User.swift in Sources */,
				5E6E24572CDB4EBD0075AEC3 /* SummaryRangeView.swift in Sources */,
				5E6E244B2CD9F2AE0075AEC3 /* TimeSegmentListView.swift in Sources */,
				5E3AC3552BB91A30001C8876 /* ToDoListItem.swift in Sources */,
				5EAEC5D62CCDADB600BB11F8 /* TaskTimerListView.swift in Sources */,
				5E6E244E2CD9F66D0075AEC3 /* TimeFormatUtils.swift in Sources */,
			);
			runOnlyForDeploymentPostprocessing = 0;
		};
		5EDC5C282BB8DD7900363517 /* Sources */ = {
			isa = PBXSourcesBuildPhase;
			buildActionMask = 2147483647;
			files = (
				5EDC5C312BB8DD7900363517 /* ToDoListTests.swift in Sources */,
			);
			runOnlyForDeploymentPostprocessing = 0;
		};
		5EDC5C322BB8DD7900363517 /* Sources */ = {
			isa = PBXSourcesBuildPhase;
			buildActionMask = 2147483647;
			files = (
				5EDC5C3D2BB8DD7900363517 /* ToDoListUITestsLaunchTests.swift in Sources */,
				5EDC5C3B2BB8DD7900363517 /* ToDoListUITests.swift in Sources */,
			);
			runOnlyForDeploymentPostprocessing = 0;
		};
/* End PBXSourcesBuildPhase section */

/* Begin PBXTargetDependency section */
		5EDC5C2E2BB8DD7900363517 /* PBXTargetDependency */ = {
			isa = PBXTargetDependency;
			target = 5EDC5C1B2BB8DD7800363517 /* ActiviTimer */;
			targetProxy = 5EDC5C2D2BB8DD7900363517 /* PBXContainerItemProxy */;
		};
		5EDC5C382BB8DD7900363517 /* PBXTargetDependency */ = {
			isa = PBXTargetDependency;
			target = 5EDC5C1B2BB8DD7800363517 /* ActiviTimer */;
			targetProxy = 5EDC5C372BB8DD7900363517 /* PBXContainerItemProxy */;
		};
/* End PBXTargetDependency section */

/* Begin XCBuildConfiguration section */
		5EDC5C3E2BB8DD7900363517 /* Debug */ = {
			isa = XCBuildConfiguration;
			buildSettings = {
				ALWAYS_SEARCH_USER_PATHS = NO;
				ASSETCATALOG_COMPILER_GENERATE_SWIFT_ASSET_SYMBOL_EXTENSIONS = YES;
				CLANG_ANALYZER_NONNULL = YES;
				CLANG_ANALYZER_NUMBER_OBJECT_CONVERSION = YES_AGGRESSIVE;
				CLANG_CXX_LANGUAGE_STANDARD = "gnu++20";
				CLANG_ENABLE_MODULES = YES;
				CLANG_ENABLE_OBJC_ARC = YES;
				CLANG_ENABLE_OBJC_WEAK = YES;
				CLANG_WARN_BLOCK_CAPTURE_AUTORELEASING = YES;
				CLANG_WARN_BOOL_CONVERSION = YES;
				CLANG_WARN_COMMA = YES;
				CLANG_WARN_CONSTANT_CONVERSION = YES;
				CLANG_WARN_DEPRECATED_OBJC_IMPLEMENTATIONS = YES;
				CLANG_WARN_DIRECT_OBJC_ISA_USAGE = YES_ERROR;
				CLANG_WARN_DOCUMENTATION_COMMENTS = YES;
				CLANG_WARN_EMPTY_BODY = YES;
				CLANG_WARN_ENUM_CONVERSION = YES;
				CLANG_WARN_INFINITE_RECURSION = YES;
				CLANG_WARN_INT_CONVERSION = YES;
				CLANG_WARN_NON_LITERAL_NULL_CONVERSION = YES;
				CLANG_WARN_OBJC_IMPLICIT_RETAIN_SELF = YES;
				CLANG_WARN_OBJC_LITERAL_CONVERSION = YES;
				CLANG_WARN_OBJC_ROOT_CLASS = YES_ERROR;
				CLANG_WARN_QUOTED_INCLUDE_IN_FRAMEWORK_HEADER = YES;
				CLANG_WARN_RANGE_LOOP_ANALYSIS = YES;
				CLANG_WARN_STRICT_PROTOTYPES = YES;
				CLANG_WARN_SUSPICIOUS_MOVE = YES;
				CLANG_WARN_UNGUARDED_AVAILABILITY = YES_AGGRESSIVE;
				CLANG_WARN_UNREACHABLE_CODE = YES;
				CLANG_WARN__DUPLICATE_METHOD_MATCH = YES;
				COPY_PHASE_STRIP = NO;
				DEBUG_INFORMATION_FORMAT = dwarf;
				ENABLE_STRICT_OBJC_MSGSEND = YES;
				ENABLE_TESTABILITY = YES;
				ENABLE_USER_SCRIPT_SANDBOXING = YES;
				GCC_C_LANGUAGE_STANDARD = gnu17;
				GCC_DYNAMIC_NO_PIC = NO;
				GCC_NO_COMMON_BLOCKS = YES;
				GCC_OPTIMIZATION_LEVEL = 0;
				GCC_PREPROCESSOR_DEFINITIONS = (
					"DEBUG=1",
					"$(inherited)",
				);
				GCC_WARN_64_TO_32_BIT_CONVERSION = YES;
				GCC_WARN_ABOUT_RETURN_TYPE = YES_ERROR;
				GCC_WARN_UNDECLARED_SELECTOR = YES;
				GCC_WARN_UNINITIALIZED_AUTOS = YES_AGGRESSIVE;
				GCC_WARN_UNUSED_FUNCTION = YES;
				GCC_WARN_UNUSED_VARIABLE = YES;
				IPHONEOS_DEPLOYMENT_TARGET = 17.4;
				LOCALIZATION_PREFERS_STRING_CATALOGS = YES;
				MTL_ENABLE_DEBUG_INFO = INCLUDE_SOURCE;
				MTL_FAST_MATH = YES;
				ONLY_ACTIVE_ARCH = YES;
				SDKROOT = iphoneos;
				SWIFT_ACTIVE_COMPILATION_CONDITIONS = "DEBUG $(inherited)";
				SWIFT_OPTIMIZATION_LEVEL = "-Onone";
			};
			name = Debug;
		};
		5EDC5C3F2BB8DD7900363517 /* Release */ = {
			isa = XCBuildConfiguration;
			buildSettings = {
				ALWAYS_SEARCH_USER_PATHS = NO;
				ASSETCATALOG_COMPILER_GENERATE_SWIFT_ASSET_SYMBOL_EXTENSIONS = YES;
				CLANG_ANALYZER_NONNULL = YES;
				CLANG_ANALYZER_NUMBER_OBJECT_CONVERSION = YES_AGGRESSIVE;
				CLANG_CXX_LANGUAGE_STANDARD = "gnu++20";
				CLANG_ENABLE_MODULES = YES;
				CLANG_ENABLE_OBJC_ARC = YES;
				CLANG_ENABLE_OBJC_WEAK = YES;
				CLANG_WARN_BLOCK_CAPTURE_AUTORELEASING = YES;
				CLANG_WARN_BOOL_CONVERSION = YES;
				CLANG_WARN_COMMA = YES;
				CLANG_WARN_CONSTANT_CONVERSION = YES;
				CLANG_WARN_DEPRECATED_OBJC_IMPLEMENTATIONS = YES;
				CLANG_WARN_DIRECT_OBJC_ISA_USAGE = YES_ERROR;
				CLANG_WARN_DOCUMENTATION_COMMENTS = YES;
				CLANG_WARN_EMPTY_BODY = YES;
				CLANG_WARN_ENUM_CONVERSION = YES;
				CLANG_WARN_INFINITE_RECURSION = YES;
				CLANG_WARN_INT_CONVERSION = YES;
				CLANG_WARN_NON_LITERAL_NULL_CONVERSION = YES;
				CLANG_WARN_OBJC_IMPLICIT_RETAIN_SELF = YES;
				CLANG_WARN_OBJC_LITERAL_CONVERSION = YES;
				CLANG_WARN_OBJC_ROOT_CLASS = YES_ERROR;
				CLANG_WARN_QUOTED_INCLUDE_IN_FRAMEWORK_HEADER = YES;
				CLANG_WARN_RANGE_LOOP_ANALYSIS = YES;
				CLANG_WARN_STRICT_PROTOTYPES = YES;
				CLANG_WARN_SUSPICIOUS_MOVE = YES;
				CLANG_WARN_UNGUARDED_AVAILABILITY = YES_AGGRESSIVE;
				CLANG_WARN_UNREACHABLE_CODE = YES;
				CLANG_WARN__DUPLICATE_METHOD_MATCH = YES;
				COPY_PHASE_STRIP = NO;
				DEBUG_INFORMATION_FORMAT = "dwarf-with-dsym";
				ENABLE_NS_ASSERTIONS = NO;
				ENABLE_STRICT_OBJC_MSGSEND = YES;
				ENABLE_USER_SCRIPT_SANDBOXING = YES;
				GCC_C_LANGUAGE_STANDARD = gnu17;
				GCC_NO_COMMON_BLOCKS = YES;
				GCC_WARN_64_TO_32_BIT_CONVERSION = YES;
				GCC_WARN_ABOUT_RETURN_TYPE = YES_ERROR;
				GCC_WARN_UNDECLARED_SELECTOR = YES;
				GCC_WARN_UNINITIALIZED_AUTOS = YES_AGGRESSIVE;
				GCC_WARN_UNUSED_FUNCTION = YES;
				GCC_WARN_UNUSED_VARIABLE = YES;
				IPHONEOS_DEPLOYMENT_TARGET = 17.4;
				LOCALIZATION_PREFERS_STRING_CATALOGS = YES;
				MTL_ENABLE_DEBUG_INFO = NO;
				MTL_FAST_MATH = YES;
				SDKROOT = iphoneos;
				SWIFT_COMPILATION_MODE = wholemodule;
				VALIDATE_PRODUCT = YES;
			};
			name = Release;
		};
		5EDC5C412BB8DD7900363517 /* Debug */ = {
			isa = XCBuildConfiguration;
			buildSettings = {
				ASSETCATALOG_COMPILER_APPICON_NAME = AppIcon;
				ASSETCATALOG_COMPILER_GLOBAL_ACCENT_COLOR_NAME = AccentColor;
				CODE_SIGN_IDENTITY = "Apple Development";
				CODE_SIGN_STYLE = Automatic;
				CURRENT_PROJECT_VERSION = 1;
				DEVELOPMENT_ASSET_PATHS = "";
				DEVELOPMENT_TEAM = RFNJ75Y4U9;
				ENABLE_PREVIEWS = YES;
				GENERATE_INFOPLIST_FILE = YES;
				INFOPLIST_KEY_CFBundleDisplayName = Activitimer;
				INFOPLIST_KEY_LSApplicationCategoryType = "public.app-category.productivity";
				INFOPLIST_KEY_UIApplicationSceneManifest_Generation = YES;
				INFOPLIST_KEY_UIApplicationSupportsIndirectInputEvents = YES;
				INFOPLIST_KEY_UILaunchScreen_Generation = YES;
				INFOPLIST_KEY_UILaunchStoryboardName = "Launch Screen.storyboard";
				INFOPLIST_KEY_UISupportedInterfaceOrientations = UIInterfaceOrientationPortrait;
				LD_RUNPATH_SEARCH_PATHS = (
					"$(inherited)",
					"@executable_path/Frameworks",
				);
				MARKETING_VERSION = 1.0;
				PRODUCT_BUNDLE_IDENTIFIER = com.jeffreymzhou.activitytracker;
				PRODUCT_NAME = "$(TARGET_NAME)";
				PROVISIONING_PROFILE_SPECIFIER = "";
				SUPPORTED_PLATFORMS = "iphoneos iphonesimulator";
				SUPPORTS_MACCATALYST = NO;
				SUPPORTS_MAC_DESIGNED_FOR_IPHONE_IPAD = NO;
				SUPPORTS_XR_DESIGNED_FOR_IPHONE_IPAD = NO;
				SWIFT_EMIT_LOC_STRINGS = YES;
				SWIFT_VERSION = 5.0;
				TARGETED_DEVICE_FAMILY = 1;
			};
			name = Debug;
		};
		5EDC5C422BB8DD7900363517 /* Release */ = {
			isa = XCBuildConfiguration;
			buildSettings = {
				ASSETCATALOG_COMPILER_APPICON_NAME = AppIcon;
				ASSETCATALOG_COMPILER_GLOBAL_ACCENT_COLOR_NAME = AccentColor;
				CODE_SIGN_IDENTITY = "Apple Development";
				CODE_SIGN_STYLE = Automatic;
				CURRENT_PROJECT_VERSION = 1;
				DEVELOPMENT_ASSET_PATHS = "";
				DEVELOPMENT_TEAM = RFNJ75Y4U9;
				ENABLE_PREVIEWS = YES;
				GENERATE_INFOPLIST_FILE = YES;
				INFOPLIST_KEY_CFBundleDisplayName = Activitimer;
				INFOPLIST_KEY_LSApplicationCategoryType = "public.app-category.productivity";
				INFOPLIST_KEY_UIApplicationSceneManifest_Generation = YES;
				INFOPLIST_KEY_UIApplicationSupportsIndirectInputEvents = YES;
				INFOPLIST_KEY_UILaunchScreen_Generation = YES;
				INFOPLIST_KEY_UILaunchStoryboardName = "Launch Screen.storyboard";
				INFOPLIST_KEY_UISupportedInterfaceOrientations = UIInterfaceOrientationPortrait;
				LD_RUNPATH_SEARCH_PATHS = (
					"$(inherited)",
					"@executable_path/Frameworks",
				);
				MARKETING_VERSION = 1.0;
				PRODUCT_BUNDLE_IDENTIFIER = com.jeffreymzhou.activitytracker;
				PRODUCT_NAME = "$(TARGET_NAME)";
				PROVISIONING_PROFILE_SPECIFIER = "";
				SUPPORTED_PLATFORMS = "iphoneos iphonesimulator";
				SUPPORTS_MACCATALYST = NO;
				SUPPORTS_MAC_DESIGNED_FOR_IPHONE_IPAD = NO;
				SUPPORTS_XR_DESIGNED_FOR_IPHONE_IPAD = NO;
				SWIFT_EMIT_LOC_STRINGS = YES;
				SWIFT_VERSION = 5.0;
				TARGETED_DEVICE_FAMILY = 1;
			};
			name = Release;
		};
		5EDC5C442BB8DD7900363517 /* Debug */ = {
			isa = XCBuildConfiguration;
			buildSettings = {
				BUNDLE_LOADER = "$(TEST_HOST)";
				CODE_SIGN_STYLE = Automatic;
				CURRENT_PROJECT_VERSION = 1;
				GENERATE_INFOPLIST_FILE = YES;
				IPHONEOS_DEPLOYMENT_TARGET = 17.4;
				MARKETING_VERSION = 1.0;
				PRODUCT_BUNDLE_IDENTIFIER = Jeffrey.ToDoListTests;
				PRODUCT_NAME = "$(TARGET_NAME)";
				SWIFT_EMIT_LOC_STRINGS = NO;
				SWIFT_VERSION = 5.0;
				TARGETED_DEVICE_FAMILY = "1,2";
				TEST_HOST = "$(BUILT_PRODUCTS_DIR)/ActiviTimer.app/$(BUNDLE_EXECUTABLE_FOLDER_PATH)/ActiviTimer";
			};
			name = Debug;
		};
		5EDC5C452BB8DD7900363517 /* Release */ = {
			isa = XCBuildConfiguration;
			buildSettings = {
				BUNDLE_LOADER = "$(TEST_HOST)";
				CODE_SIGN_STYLE = Automatic;
				CURRENT_PROJECT_VERSION = 1;
				GENERATE_INFOPLIST_FILE = YES;
				IPHONEOS_DEPLOYMENT_TARGET = 17.4;
				MARKETING_VERSION = 1.0;
				PRODUCT_BUNDLE_IDENTIFIER = Jeffrey.ToDoListTests;
				PRODUCT_NAME = "$(TARGET_NAME)";
				SWIFT_EMIT_LOC_STRINGS = NO;
				SWIFT_VERSION = 5.0;
				TARGETED_DEVICE_FAMILY = "1,2";
				TEST_HOST = "$(BUILT_PRODUCTS_DIR)/ActiviTimer.app/$(BUNDLE_EXECUTABLE_FOLDER_PATH)/ActiviTimer";
			};
			name = Release;
		};
		5EDC5C472BB8DD7900363517 /* Debug */ = {
			isa = XCBuildConfiguration;
			buildSettings = {
				CODE_SIGN_STYLE = Automatic;
				CURRENT_PROJECT_VERSION = 1;
				GENERATE_INFOPLIST_FILE = YES;
				MARKETING_VERSION = 1.0;
				PRODUCT_BUNDLE_IDENTIFIER = Jeffrey.ToDoListUITests;
				PRODUCT_NAME = "$(TARGET_NAME)";
				SWIFT_EMIT_LOC_STRINGS = NO;
				SWIFT_VERSION = 5.0;
				TARGETED_DEVICE_FAMILY = "1,2";
				TEST_TARGET_NAME = ToDoList;
			};
			name = Debug;
		};
		5EDC5C482BB8DD7900363517 /* Release */ = {
			isa = XCBuildConfiguration;
			buildSettings = {
				CODE_SIGN_STYLE = Automatic;
				CURRENT_PROJECT_VERSION = 1;
				GENERATE_INFOPLIST_FILE = YES;
				MARKETING_VERSION = 1.0;
				PRODUCT_BUNDLE_IDENTIFIER = Jeffrey.ToDoListUITests;
				PRODUCT_NAME = "$(TARGET_NAME)";
				SWIFT_EMIT_LOC_STRINGS = NO;
				SWIFT_VERSION = 5.0;
				TARGETED_DEVICE_FAMILY = "1,2";
				TEST_TARGET_NAME = ToDoList;
			};
			name = Release;
		};
/* End XCBuildConfiguration section */

/* Begin XCConfigurationList section */
		5EDC5C172BB8DD7800363517 /* Build configuration list for PBXProject "ActiviTimer" */ = {
			isa = XCConfigurationList;
			buildConfigurations = (
				5EDC5C3E2BB8DD7900363517 /* Debug */,
				5EDC5C3F2BB8DD7900363517 /* Release */,
			);
			defaultConfigurationIsVisible = 0;
			defaultConfigurationName = Release;
		};
		5EDC5C402BB8DD7900363517 /* Build configuration list for PBXNativeTarget "ActiviTimer" */ = {
			isa = XCConfigurationList;
			buildConfigurations = (
				5EDC5C412BB8DD7900363517 /* Debug */,
				5EDC5C422BB8DD7900363517 /* Release */,
			);
			defaultConfigurationIsVisible = 0;
			defaultConfigurationName = Release;
		};
		5EDC5C432BB8DD7900363517 /* Build configuration list for PBXNativeTarget "ActiviTimerTests" */ = {
			isa = XCConfigurationList;
			buildConfigurations = (
				5EDC5C442BB8DD7900363517 /* Debug */,
				5EDC5C452BB8DD7900363517 /* Release */,
			);
			defaultConfigurationIsVisible = 0;
			defaultConfigurationName = Release;
		};
		5EDC5C462BB8DD7900363517 /* Build configuration list for PBXNativeTarget "ActiviTimerUITests" */ = {
			isa = XCConfigurationList;
			buildConfigurations = (
				5EDC5C472BB8DD7900363517 /* Debug */,
				5EDC5C482BB8DD7900363517 /* Release */,
			);
			defaultConfigurationIsVisible = 0;
			defaultConfigurationName = Release;
		};
/* End XCConfigurationList section */

/* Begin XCRemoteSwiftPackageReference section */
		5E220D182BB8E2D8004CC3C8 /* XCRemoteSwiftPackageReference "firebase-ios-sdk" */ = {
			isa = XCRemoteSwiftPackageReference;
			repositoryURL = "https://github.com/firebase/firebase-ios-sdk";
			requirement = {
				kind = upToNextMajorVersion;
				minimumVersion = 10.23.1;
			};
		};
/* End XCRemoteSwiftPackageReference section */

/* Begin XCSwiftPackageProductDependency section */
		5E220D192BB8E2D8004CC3C8 /* FirebaseAuth */ = {
			isa = XCSwiftPackageProductDependency;
			package = 5E220D182BB8E2D8004CC3C8 /* XCRemoteSwiftPackageReference "firebase-ios-sdk" */;
			productName = FirebaseAuth;
		};
		5E220D1B2BB8E2D8004CC3C8 /* FirebaseFirestore */ = {
			isa = XCSwiftPackageProductDependency;
			package = 5E220D182BB8E2D8004CC3C8 /* XCRemoteSwiftPackageReference "firebase-ios-sdk" */;
			productName = FirebaseFirestore;
		};
		5E220D1D2BB8E2D8004CC3C8 /* FirebaseFirestoreSwift */ = {
			isa = XCSwiftPackageProductDependency;
			package = 5E220D182BB8E2D8004CC3C8 /* XCRemoteSwiftPackageReference "firebase-ios-sdk" */;
			productName = FirebaseFirestoreSwift;
		};
/* End XCSwiftPackageProductDependency section */
	};
	rootObject = 5EDC5C142BB8DD7800363517 /* Project object */;
}
